
Microsoft Visual Studio Solution File, Format Version 12.00
# Visual Studio Version 17
VisualStudioVersion = 17.12.35707.178 d17.12
MinimumVisualStudioVersion = 10.0.40219.1
Project("{FAE04EC0-301F-11D3-BF4B-00C04F79EFBC}") = "PhotoShare.Api", "PhotoShare.Api\PhotoShare.Api.csproj", "{C8B68E68-CC90-4738-863E-FED3352F2E1D}"
EndProject
Project("{FAE04EC0-301F-11D3-BF4B-00C04F79EFBC}") = "PhotoShare.Data", "PhotoShare.Data\PhotoShare.Data.csproj", "{5F30A4B1-2737-48C4-85E5-7F4DF744096F}"
EndProject
Project("{FAE04EC0-301F-11D3-BF4B-00C04F79EFBC}") = "PhotoShare.Service", "PhotoShare.Service\PhotoShare.Service.csproj", "{19987EB7-28BA-4286-A784-027987416219}"
EndProject
Project("{FAE04EC0-301F-11D3-BF4B-00C04F79EFBC}") = "PhotoShare.Core", "PhotoShare.Core\PhotoShare.Core.csproj", "{C45211ED-E883-446D-8BE5-95382C3F05D0}"
EndProject
Global
	GlobalSection(SolutionConfigurationPlatforms) = preSolution
		Debug|Any CPU = Debug|Any CPU
		Release|Any CPU = Release|Any CPU
	EndGlobalSection
	GlobalSection(ProjectConfigurationPlatforms) = postSolution
		{C8B68E68-CC90-4738-863E-FED3352F2E1D}.Debug|Any CPU.ActiveCfg = Debug|Any CPU
		{C8B68E68-CC90-4738-863E-FED3352F2E1D}.Debug|Any CPU.Build.0 = Debug|Any CPU
		{C8B68E68-CC90-4738-863E-FED3352F2E1D}.Release|Any CPU.ActiveCfg = Release|Any CPU
		{C8B68E68-CC90-4738-863E-FED3352F2E1D}.Release|Any CPU.Build.0 = Release|Any CPU
		{5F30A4B1-2737-48C4-85E5-7F4DF744096F}.Debug|Any CPU.ActiveCfg = Debug|Any CPU
		{5F30A4B1-2737-48C4-85E5-7F4DF744096F}.Debug|Any CPU.Build.0 = Debug|Any CPU
		{5F30A4B1-2737-48C4-85E5-7F4DF744096F}.Release|Any CPU.ActiveCfg = Release|Any CPU
		{5F30A4B1-2737-48C4-85E5-7F4DF744096F}.Release|Any CPU.Build.0 = Release|Any CPU
		{19987EB7-28BA-4286-A784-027987416219}.Debug|Any CPU.ActiveCfg = Debug|Any CPU
		{19987EB7-28BA-4286-A784-027987416219}.Debug|Any CPU.Build.0 = Debug|Any CPU
		{19987EB7-28BA-4286-A784-027987416219}.Release|Any CPU.ActiveCfg = Release|Any CPU
		{19987EB7-28BA-4286-A784-027987416219}.Release|Any CPU.Build.0 = Release|Any CPU
		{C45211ED-E883-446D-8BE5-95382C3F05D0}.Debug|Any CPU.ActiveCfg = Debug|Any CPU
		{C45211ED-E883-446D-8BE5-95382C3F05D0}.Debug|Any CPU.Build.0 = Debug|Any CPU
		{C45211ED-E883-446D-8BE5-95382C3F05D0}.Release|Any CPU.ActiveCfg = Release|Any CPU
		{C45211ED-E883-446D-8BE5-95382C3F05D0}.Release|Any CPU.Build.0 = Release|Any CPU
	EndGlobalSection
	GlobalSection(SolutionProperties) = preSolution
		HideSolutionNode = FALSE
	EndGlobalSection
EndGlobal
